// !$*UTF8*$!
{
	archiveVersion = 1;
	classes = {
	};
	objectVersion = 56;
	objects = {

/* Begin PBXBuildFile section */
		3B940DF5823E6DC1A4FEC9DA /* Pods_GNT_GNTUITests.framework in Frameworks */ = {isa = PBXBuildFile; fileRef = 2B5ED5D6E96E133C35A20C39 /* Pods_GNT_GNTUITests.framework */; };
		3BBF1131F7CE70D361111B24 /* Pods_GNTTests.framework in Frameworks */ = {isa = PBXBuildFile; fileRef = 4057006AEF6F3C4F7AAF7C1A /* Pods_GNTTests.framework */; };
		7C58254D3BB2C34AF1682642 /* Pods_GNT.framework in Frameworks */ = {isa = PBXBuildFile; fileRef = 8C719B8A9A8047BAC9DCA516 /* Pods_GNT.framework */; };
		7F09BC512A238D9D00AA34B1 /* AppDelegate.swift in Sources */ = {isa = PBXBuildFile; fileRef = 7F09BC502A238D9D00AA34B1 /* AppDelegate.swift */; };
		7F09BC532A238D9D00AA34B1 /* SceneDelegate.swift in Sources */ = {isa = PBXBuildFile; fileRef = 7F09BC522A238D9D00AA34B1 /* SceneDelegate.swift */; };
		7F09BC552A238D9D00AA34B1 /* ViewController.swift in Sources */ = {isa = PBXBuildFile; fileRef = 7F09BC542A238D9D00AA34B1 /* ViewController.swift */; };
		7F09BC582A238D9D00AA34B1 /* Main.storyboard in Resources */ = {isa = PBXBuildFile; fileRef = 7F09BC562A238D9D00AA34B1 /* Main.storyboard */; };
		7F09BC5A2A238D9D00AA34B1 /* Assets.xcassets in Resources */ = {isa = PBXBuildFile; fileRef = 7F09BC592A238D9D00AA34B1 /* Assets.xcassets */; };
		7F09BC5D2A238D9D00AA34B1 /* LaunchScreen.storyboard in Resources */ = {isa = PBXBuildFile; fileRef = 7F09BC5B2A238D9D00AA34B1 /* LaunchScreen.storyboard */; };
		7F09BC872A239FD400AA34B1 /* AlamofireBuilder.swift in Sources */ = {isa = PBXBuildFile; fileRef = 7F09BC842A239FD400AA34B1 /* AlamofireBuilder.swift */; };
		7F09BC882A239FD400AA34B1 /* EndPoints.swift in Sources */ = {isa = PBXBuildFile; fileRef = 7F09BC852A239FD400AA34B1 /* EndPoints.swift */; };
		7F09BC892A239FD400AA34B1 /* ApiCallBack.swift in Sources */ = {isa = PBXBuildFile; fileRef = 7F09BC862A239FD400AA34B1 /* ApiCallBack.swift */; };
		7F7D4B002A23CE04002E46CF /* extensions.swift in Sources */ = {isa = PBXBuildFile; fileRef = 7F7D4AFF2A23CE04002E46CF /* extensions.swift */; };
		7F7D4B032A23D955002E46CF /* LoginModel.swift in Sources */ = {isa = PBXBuildFile; fileRef = 7F7D4B022A23D955002E46CF /* LoginModel.swift */; };
		7F7D4B062A23EFCD002E46CF /* LoginViewModel.swift in Sources */ = {isa = PBXBuildFile; fileRef = 7F7D4B052A23EFCD002E46CF /* LoginViewModel.swift */; };
		7F7D4B082A2403EB002E46CF /* LoginRealm.swift in Sources */ = {isa = PBXBuildFile; fileRef = 7F7D4B072A2403EB002E46CF /* LoginRealm.swift */; };
		7F7D4B0B2A24122E002E46CF /* FormViewController.swift in Sources */ = {isa = PBXBuildFile; fileRef = 7F7D4B0A2A24122E002E46CF /* FormViewController.swift */; };
		7F7D4B112A24E701002E46CF /* ErrorModel.swift in Sources */ = {isa = PBXBuildFile; fileRef = 7F7D4B102A24E701002E46CF /* ErrorModel.swift */; };
		7F7D4B132A251481002E46CF /* UserInformation.swift in Sources */ = {isa = PBXBuildFile; fileRef = 7F7D4B122A251481002E46CF /* UserInformation.swift */; };
		7F7D4B152A2515A1002E46CF /* GovernemtsModel.swift in Sources */ = {isa = PBXBuildFile; fileRef = 7F7D4B142A2515A1002E46CF /* GovernemtsModel.swift */; };
		7F7D4B172A2517CA002E46CF /* FormViewModel.swift in Sources */ = {isa = PBXBuildFile; fileRef = 7F7D4B162A2517CA002E46CF /* FormViewModel.swift */; };
		7F8433AF2A267AE300F906CB /* LandingViewController.swift in Sources */ = {isa = PBXBuildFile; fileRef = 7F8433AE2A267AE300F906CB /* LandingViewController.swift */; };
		7F8433B12A26869800F906CB /* FormsViewController.swift in Sources */ = {isa = PBXBuildFile; fileRef = 7F8433B02A26869800F906CB /* FormsViewController.swift */; };
		7F8433B52A26907100F906CB /* FormCell.swift in Sources */ = {isa = PBXBuildFile; fileRef = 7F8433B32A26907100F906CB /* FormCell.swift */; };
		7F8433B62A26907100F906CB /* FormCell.xib in Resources */ = {isa = PBXBuildFile; fileRef = 7F8433B42A26907100F906CB /* FormCell.xib */; };
		7F8433B82A269D4700F906CB /* FormMapViewController.swift in Sources */ = {isa = PBXBuildFile; fileRef = 7F8433B72A269D4700F906CB /* FormMapViewController.swift */; };
		7FCEDAC92A25382D00AE5F47 /* MapViewController.swift in Sources */ = {isa = PBXBuildFile; fileRef = 7FCEDAC82A25382D00AE5F47 /* MapViewController.swift */; };
		7FCEDACB2A25656100AE5F47 /* FormModel.swift in Sources */ = {isa = PBXBuildFile; fileRef = 7FCEDACA2A25656100AE5F47 /* FormModel.swift */; };
/* End PBXBuildFile section */

/* Begin PBXContainerItemProxy section */
		7F09BC642A238D9D00AA34B1 /* PBXContainerItemProxy */ = {
			isa = PBXContainerItemProxy;
			containerPortal = 7F09BC452A238D9D00AA34B1 /* Project object */;
			proxyType = 1;
			remoteGlobalIDString = 7F09BC4C2A238D9D00AA34B1;
			remoteInfo = GNT;
		};
		7F09BC6E2A238D9E00AA34B1 /* PBXContainerItemProxy */ = {
			isa = PBXContainerItemProxy;
			containerPortal = 7F09BC452A238D9D00AA34B1 /* Project object */;
			proxyType = 1;
			remoteGlobalIDString = 7F09BC4C2A238D9D00AA34B1;
			remoteInfo = GNT;
		};
/* End PBXContainerItemProxy section */

/* Begin PBXFileReference section */
		22E0DE82058CB8E6255528DE /* Pods-GNT.debug.xcconfig */ = {isa = PBXFileReference; includeInIndex = 1; lastKnownFileType = text.xcconfig; name = "Pods-GNT.debug.xcconfig"; path = "Target Support Files/Pods-GNT/Pods-GNT.debug.xcconfig"; sourceTree = "<group>"; };
		29CDBAC94E39A584C280357B /* Pods-GNT-GNTUITests.debug.xcconfig */ = {isa = PBXFileReference; includeInIndex = 1; lastKnownFileType = text.xcconfig; name = "Pods-GNT-GNTUITests.debug.xcconfig"; path = "Target Support Files/Pods-GNT-GNTUITests/Pods-GNT-GNTUITests.debug.xcconfig"; sourceTree = "<group>"; };
		2B5ED5D6E96E133C35A20C39 /* Pods_GNT_GNTUITests.framework */ = {isa = PBXFileReference; explicitFileType = wrapper.framework; includeInIndex = 0; path = Pods_GNT_GNTUITests.framework; sourceTree = BUILT_PRODUCTS_DIR; };
		4057006AEF6F3C4F7AAF7C1A /* Pods_GNTTests.framework */ = {isa = PBXFileReference; explicitFileType = wrapper.framework; includeInIndex = 0; path = Pods_GNTTests.framework; sourceTree = BUILT_PRODUCTS_DIR; };
		4214C827C11A68B6BCF9C903 /* Pods-GNTTests.debug.xcconfig */ = {isa = PBXFileReference; includeInIndex = 1; lastKnownFileType = text.xcconfig; name = "Pods-GNTTests.debug.xcconfig"; path = "Target Support Files/Pods-GNTTests/Pods-GNTTests.debug.xcconfig"; sourceTree = "<group>"; };
		599152DAB7A157E7BE3ECE41 /* Pods-GNTTests.release.xcconfig */ = {isa = PBXFileReference; includeInIndex = 1; lastKnownFileType = text.xcconfig; name = "Pods-GNTTests.release.xcconfig"; path = "Target Support Files/Pods-GNTTests/Pods-GNTTests.release.xcconfig"; sourceTree = "<group>"; };
		7F09BC4D2A238D9D00AA34B1 /* GNT.app */ = {isa = PBXFileReference; explicitFileType = wrapper.application; includeInIndex = 0; path = GNT.app; sourceTree = BUILT_PRODUCTS_DIR; };
		7F09BC502A238D9D00AA34B1 /* AppDelegate.swift */ = {isa = PBXFileReference; lastKnownFileType = sourcecode.swift; path = AppDelegate.swift; sourceTree = "<group>"; };
		7F09BC522A238D9D00AA34B1 /* SceneDelegate.swift */ = {isa = PBXFileReference; lastKnownFileType = sourcecode.swift; path = SceneDelegate.swift; sourceTree = "<group>"; };
		7F09BC542A238D9D00AA34B1 /* ViewController.swift */ = {isa = PBXFileReference; lastKnownFileType = sourcecode.swift; path = ViewController.swift; sourceTree = "<group>"; };
		7F09BC572A238D9D00AA34B1 /* Base */ = {isa = PBXFileReference; lastKnownFileType = file.storyboard; name = Base; path = Base.lproj/Main.storyboard; sourceTree = "<group>"; };
		7F09BC592A238D9D00AA34B1 /* Assets.xcassets */ = {isa = PBXFileReference; lastKnownFileType = folder.assetcatalog; path = Assets.xcassets; sourceTree = "<group>"; };
		7F09BC5C2A238D9D00AA34B1 /* Base */ = {isa = PBXFileReference; lastKnownFileType = file.storyboard; name = Base; path = Base.lproj/LaunchScreen.storyboard; sourceTree = "<group>"; };
		7F09BC5E2A238D9D00AA34B1 /* Info.plist */ = {isa = PBXFileReference; lastKnownFileType = text.plist.xml; path = Info.plist; sourceTree = "<group>"; };
		7F09BC632A238D9D00AA34B1 /* GNTTests.xctest */ = {isa = PBXFileReference; explicitFileType = wrapper.cfbundle; includeInIndex = 0; path = GNTTests.xctest; sourceTree = BUILT_PRODUCTS_DIR; };
		7F09BC6D2A238D9E00AA34B1 /* GNTUITests.xctest */ = {isa = PBXFileReference; explicitFileType = wrapper.cfbundle; includeInIndex = 0; path = GNTUITests.xctest; sourceTree = BUILT_PRODUCTS_DIR; };
		7F09BC842A239FD400AA34B1 /* AlamofireBuilder.swift */ = {isa = PBXFileReference; fileEncoding = 4; lastKnownFileType = sourcecode.swift; path = AlamofireBuilder.swift; sourceTree = "<group>"; };
		7F09BC852A239FD400AA34B1 /* EndPoints.swift */ = {isa = PBXFileReference; fileEncoding = 4; lastKnownFileType = sourcecode.swift; path = EndPoints.swift; sourceTree = "<group>"; };
		7F09BC862A239FD400AA34B1 /* ApiCallBack.swift */ = {isa = PBXFileReference; fileEncoding = 4; lastKnownFileType = sourcecode.swift; path = ApiCallBack.swift; sourceTree = "<group>"; };
		7F7D4AFF2A23CE04002E46CF /* extensions.swift */ = {isa = PBXFileReference; lastKnownFileType = sourcecode.swift; path = extensions.swift; sourceTree = "<group>"; };
		7F7D4B022A23D955002E46CF /* LoginModel.swift */ = {isa = PBXFileReference; lastKnownFileType = sourcecode.swift; path = LoginModel.swift; sourceTree = "<group>"; };
		7F7D4B052A23EFCD002E46CF /* LoginViewModel.swift */ = {isa = PBXFileReference; lastKnownFileType = sourcecode.swift; path = LoginViewModel.swift; sourceTree = "<group>"; };
		7F7D4B072A2403EB002E46CF /* LoginRealm.swift */ = {isa = PBXFileReference; lastKnownFileType = sourcecode.swift; path = LoginRealm.swift; sourceTree = "<group>"; };
		7F7D4B0A2A24122E002E46CF /* FormViewController.swift */ = {isa = PBXFileReference; lastKnownFileType = sourcecode.swift; path = FormViewController.swift; sourceTree = "<group>"; };
		7F7D4B102A24E701002E46CF /* ErrorModel.swift */ = {isa = PBXFileReference; lastKnownFileType = sourcecode.swift; path = ErrorModel.swift; sourceTree = "<group>"; };
		7F7D4B122A251481002E46CF /* UserInformation.swift */ = {isa = PBXFileReference; lastKnownFileType = sourcecode.swift; path = UserInformation.swift; sourceTree = "<group>"; };
		7F7D4B142A2515A1002E46CF /* GovernemtsModel.swift */ = {isa = PBXFileReference; lastKnownFileType = sourcecode.swift; path = GovernemtsModel.swift; sourceTree = "<group>"; };
		7F7D4B162A2517CA002E46CF /* FormViewModel.swift */ = {isa = PBXFileReference; lastKnownFileType = sourcecode.swift; path = FormViewModel.swift; sourceTree = "<group>"; };
		7F8433AE2A267AE300F906CB /* LandingViewController.swift */ = {isa = PBXFileReference; lastKnownFileType = sourcecode.swift; path = LandingViewController.swift; sourceTree = "<group>"; };
		7F8433B02A26869800F906CB /* FormsViewController.swift */ = {isa = PBXFileReference; lastKnownFileType = sourcecode.swift; path = FormsViewController.swift; sourceTree = "<group>"; };
		7F8433B32A26907100F906CB /* FormCell.swift */ = {isa = PBXFileReference; lastKnownFileType = sourcecode.swift; path = FormCell.swift; sourceTree = "<group>"; };
		7F8433B42A26907100F906CB /* FormCell.xib */ = {isa = PBXFileReference; lastKnownFileType = file.xib; path = FormCell.xib; sourceTree = "<group>"; };
		7F8433B72A269D4700F906CB /* FormMapViewController.swift */ = {isa = PBXFileReference; lastKnownFileType = sourcecode.swift; path = FormMapViewController.swift; sourceTree = "<group>"; };
		7FCEDAC82A25382D00AE5F47 /* MapViewController.swift */ = {isa = PBXFileReference; lastKnownFileType = sourcecode.swift; path = MapViewController.swift; sourceTree = "<group>"; };
		7FCEDACA2A25656100AE5F47 /* FormModel.swift */ = {isa = PBXFileReference; lastKnownFileType = sourcecode.swift; path = FormModel.swift; sourceTree = "<group>"; };
		83E1A0D7476756AC68A0CC50 /* Pods-GNT-GNTUITests.release.xcconfig */ = {isa = PBXFileReference; includeInIndex = 1; lastKnownFileType = text.xcconfig; name = "Pods-GNT-GNTUITests.release.xcconfig"; path = "Target Support Files/Pods-GNT-GNTUITests/Pods-GNT-GNTUITests.release.xcconfig"; sourceTree = "<group>"; };
		8C719B8A9A8047BAC9DCA516 /* Pods_GNT.framework */ = {isa = PBXFileReference; explicitFileType = wrapper.framework; includeInIndex = 0; path = Pods_GNT.framework; sourceTree = BUILT_PRODUCTS_DIR; };
		E8456E7C0AFE83EDC05D297F /* Pods-GNT.release.xcconfig */ = {isa = PBXFileReference; includeInIndex = 1; lastKnownFileType = text.xcconfig; name = "Pods-GNT.release.xcconfig"; path = "Target Support Files/Pods-GNT/Pods-GNT.release.xcconfig"; sourceTree = "<group>"; };
/* End PBXFileReference section */

/* Begin PBXFrameworksBuildPhase section */
		7F09BC4A2A238D9D00AA34B1 /* Frameworks */ = {
			isa = PBXFrameworksBuildPhase;
			buildActionMask = 2147483647;
			files = (
				7C58254D3BB2C34AF1682642 /* Pods_GNT.framework in Frameworks */,
			);
			runOnlyForDeploymentPostprocessing = 0;
		};
		7F09BC602A238D9D00AA34B1 /* Frameworks */ = {
			isa = PBXFrameworksBuildPhase;
			buildActionMask = 2147483647;
			files = (
				3BBF1131F7CE70D361111B24 /* Pods_GNTTests.framework in Frameworks */,
			);
			runOnlyForDeploymentPostprocessing = 0;
		};
		7F09BC6A2A238D9E00AA34B1 /* Frameworks */ = {
			isa = PBXFrameworksBuildPhase;
			buildActionMask = 2147483647;
			files = (
				3B940DF5823E6DC1A4FEC9DA /* Pods_GNT_GNTUITests.framework in Frameworks */,
			);
			runOnlyForDeploymentPostprocessing = 0;
		};
/* End PBXFrameworksBuildPhase section */

/* Begin PBXGroup section */
		7F09BC442A238D9D00AA34B1 = {
			isa = PBXGroup;
			children = (
				7F09BC4F2A238D9D00AA34B1 /* GNT */,
				7F09BC4E2A238D9D00AA34B1 /* Products */,
				EA1D758422B5EB1D90D7F7A0 /* Pods */,
				B7773E538FB8886468C9C45F /* Frameworks */,
			);
			sourceTree = "<group>";
		};
		7F09BC4E2A238D9D00AA34B1 /* Products */ = {
			isa = PBXGroup;
			children = (
				7F09BC4D2A238D9D00AA34B1 /* GNT.app */,
				7F09BC632A238D9D00AA34B1 /* GNTTests.xctest */,
				7F09BC6D2A238D9E00AA34B1 /* GNTUITests.xctest */,
			);
			name = Products;
			sourceTree = "<group>";
		};
		7F09BC4F2A238D9D00AA34B1 /* GNT */ = {
			isa = PBXGroup;
			children = (
				7F8433B22A26904900F906CB /* customViews */,
				7F7D4B092A241211002E46CF /* screens */,
				7F7D4B042A23EF8F002E46CF /* ViewModels */,
				7F7D4B012A23D945002E46CF /* Models */,
				7F7D4AFE2A23CDF7002E46CF /* ext */,
				7F09BC812A239F8300AA34B1 /* Network */,
				7F09BC502A238D9D00AA34B1 /* AppDelegate.swift */,
				7F09BC522A238D9D00AA34B1 /* SceneDelegate.swift */,
				7F09BC562A238D9D00AA34B1 /* Main.storyboard */,
				7F09BC592A238D9D00AA34B1 /* Assets.xcassets */,
				7F09BC5B2A238D9D00AA34B1 /* LaunchScreen.storyboard */,
				7F09BC5E2A238D9D00AA34B1 /* Info.plist */,
			);
			path = GNT;
			sourceTree = "<group>";
		};
		7F09BC812A239F8300AA34B1 /* Network */ = {
			isa = PBXGroup;
			children = (
				7F09BC842A239FD400AA34B1 /* AlamofireBuilder.swift */,
				7F09BC862A239FD400AA34B1 /* ApiCallBack.swift */,
				7F09BC852A239FD400AA34B1 /* EndPoints.swift */,
			);
			path = Network;
			sourceTree = "<group>";
		};
		7F7D4AFE2A23CDF7002E46CF /* ext */ = {
			isa = PBXGroup;
			children = (
				7F7D4AFF2A23CE04002E46CF /* extensions.swift */,
				7F7D4B122A251481002E46CF /* UserInformation.swift */,
			);
			path = ext;
			sourceTree = "<group>";
		};
		7F7D4B012A23D945002E46CF /* Models */ = {
			isa = PBXGroup;
			children = (
				7F7D4B022A23D955002E46CF /* LoginModel.swift */,
				7F7D4B072A2403EB002E46CF /* LoginRealm.swift */,
				7F7D4B102A24E701002E46CF /* ErrorModel.swift */,
				7F7D4B142A2515A1002E46CF /* GovernemtsModel.swift */,
				7FCEDACA2A25656100AE5F47 /* FormModel.swift */,
			);
			path = Models;
			sourceTree = "<group>";
		};
		7F7D4B042A23EF8F002E46CF /* ViewModels */ = {
			isa = PBXGroup;
			children = (
				7F7D4B052A23EFCD002E46CF /* LoginViewModel.swift */,
				7F7D4B162A2517CA002E46CF /* FormViewModel.swift */,
			);
			path = ViewModels;
			sourceTree = "<group>";
		};
		7F7D4B092A241211002E46CF /* screens */ = {
			isa = PBXGroup;
			children = (
				7F09BC542A238D9D00AA34B1 /* ViewController.swift */,
				7F7D4B0A2A24122E002E46CF /* FormViewController.swift */,
				7FCEDAC82A25382D00AE5F47 /* MapViewController.swift */,
				7F8433AE2A267AE300F906CB /* LandingViewController.swift */,
				7F8433B02A26869800F906CB /* FormsViewController.swift */,
				7F8433B72A269D4700F906CB /* FormMapViewController.swift */,
			);
			path = screens;
			sourceTree = "<group>";
		};
		7F8433B22A26904900F906CB /* customViews */ = {
			isa = PBXGroup;
			children = (
				7F8433B32A26907100F906CB /* FormCell.swift */,
				7F8433B42A26907100F906CB /* FormCell.xib */,
			);
			path = customViews;
			sourceTree = "<group>";
		};
		B7773E538FB8886468C9C45F /* Frameworks */ = {
			isa = PBXGroup;
			children = (
				8C719B8A9A8047BAC9DCA516 /* Pods_GNT.framework */,
				2B5ED5D6E96E133C35A20C39 /* Pods_GNT_GNTUITests.framework */,
				4057006AEF6F3C4F7AAF7C1A /* Pods_GNTTests.framework */,
			);
			name = Frameworks;
			sourceTree = "<group>";
		};
		EA1D758422B5EB1D90D7F7A0 /* Pods */ = {
			isa = PBXGroup;
			children = (
				22E0DE82058CB8E6255528DE /* Pods-GNT.debug.xcconfig */,
				E8456E7C0AFE83EDC05D297F /* Pods-GNT.release.xcconfig */,
				29CDBAC94E39A584C280357B /* Pods-GNT-GNTUITests.debug.xcconfig */,
				83E1A0D7476756AC68A0CC50 /* Pods-GNT-GNTUITests.release.xcconfig */,
				4214C827C11A68B6BCF9C903 /* Pods-GNTTests.debug.xcconfig */,
				599152DAB7A157E7BE3ECE41 /* Pods-GNTTests.release.xcconfig */,
			);
			path = Pods;
			sourceTree = "<group>";
		};
/* End PBXGroup section */

/* Begin PBXNativeTarget section */
		7F09BC4C2A238D9D00AA34B1 /* GNT */ = {
			isa = PBXNativeTarget;
			buildConfigurationList = 7F09BC772A238D9E00AA34B1 /* Build configuration list for PBXNativeTarget "GNT" */;
			buildPhases = (
				D6D6A8A041BE5574A51402F8 /* [CP] Check Pods Manifest.lock */,
				7F09BC492A238D9D00AA34B1 /* Sources */,
				7F09BC4A2A238D9D00AA34B1 /* Frameworks */,
				7F09BC4B2A238D9D00AA34B1 /* Resources */,
				BE75534855570C662CCD521B /* [CP] Embed Pods Frameworks */,
				489129684E2486B0ABEAD148 /* [CP] Copy Pods Resources */,
			);
			buildRules = (
			);
			dependencies = (
			);
			name = GNT;
			productName = GNT;
			productReference = 7F09BC4D2A238D9D00AA34B1 /* GNT.app */;
			productType = "com.apple.product-type.application";
		};
		7F09BC622A238D9D00AA34B1 /* GNTTests */ = {
			isa = PBXNativeTarget;
			buildConfigurationList = 7F09BC7A2A238D9E00AA34B1 /* Build configuration list for PBXNativeTarget "GNTTests" */;
			buildPhases = (
				CC0B0ECDDB71136863FEDB5D /* [CP] Check Pods Manifest.lock */,
				7F09BC5F2A238D9D00AA34B1 /* Sources */,
				7F09BC602A238D9D00AA34B1 /* Frameworks */,
				7F09BC612A238D9D00AA34B1 /* Resources */,
			);
			buildRules = (
			);
			dependencies = (
				7F09BC652A238D9D00AA34B1 /* PBXTargetDependency */,
			);
			name = GNTTests;
			productName = GNTTests;
			productReference = 7F09BC632A238D9D00AA34B1 /* GNTTests.xctest */;
			productType = "com.apple.product-type.bundle.unit-test";
		};
		7F09BC6C2A238D9E00AA34B1 /* GNTUITests */ = {
			isa = PBXNativeTarget;
			buildConfigurationList = 7F09BC7D2A238D9E00AA34B1 /* Build configuration list for PBXNativeTarget "GNTUITests" */;
			buildPhases = (
				8798A3D1E6F6762C0525DA9D /* [CP] Check Pods Manifest.lock */,
				7F09BC692A238D9E00AA34B1 /* Sources */,
				7F09BC6A2A238D9E00AA34B1 /* Frameworks */,
				7F09BC6B2A238D9E00AA34B1 /* Resources */,
				246F705F591A0AF9342EC5F1 /* [CP] Embed Pods Frameworks */,
				AEFA5027684D6562F76759BF /* [CP] Copy Pods Resources */,
			);
			buildRules = (
			);
			dependencies = (
				7F09BC6F2A238D9E00AA34B1 /* PBXTargetDependency */,
			);
			name = GNTUITests;
			productName = GNTUITests;
			productReference = 7F09BC6D2A238D9E00AA34B1 /* GNTUITests.xctest */;
			productType = "com.apple.product-type.bundle.ui-testing";
		};
/* End PBXNativeTarget section */

/* Begin PBXProject section */
		7F09BC452A238D9D00AA34B1 /* Project object */ = {
			isa = PBXProject;
			attributes = {
				BuildIndependentTargetsInParallel = 1;
				LastSwiftUpdateCheck = 1430;
				LastUpgradeCheck = 1430;
				TargetAttributes = {
					7F09BC4C2A238D9D00AA34B1 = {
						CreatedOnToolsVersion = 14.3;
					};
					7F09BC622A238D9D00AA34B1 = {
						CreatedOnToolsVersion = 14.3;
						TestTargetID = 7F09BC4C2A238D9D00AA34B1;
					};
					7F09BC6C2A238D9E00AA34B1 = {
						CreatedOnToolsVersion = 14.3;
						TestTargetID = 7F09BC4C2A238D9D00AA34B1;
					};
				};
			};
			buildConfigurationList = 7F09BC482A238D9D00AA34B1 /* Build configuration list for PBXProject "GNT" */;
			compatibilityVersion = "Xcode 14.0";
			developmentRegion = en;
			hasScannedForEncodings = 0;
			knownRegions = (
				en,
				Base,
			);
			mainGroup = 7F09BC442A238D9D00AA34B1;
			productRefGroup = 7F09BC4E2A238D9D00AA34B1 /* Products */;
			projectDirPath = "";
			projectRoot = "";
			targets = (
				7F09BC4C2A238D9D00AA34B1 /* GNT */,
				7F09BC622A238D9D00AA34B1 /* GNTTests */,
				7F09BC6C2A238D9E00AA34B1 /* GNTUITests */,
			);
		};
/* End PBXProject section */

/* Begin PBXResourcesBuildPhase section */
		7F09BC4B2A238D9D00AA34B1 /* Resources */ = {
			isa = PBXResourcesBuildPhase;
			buildActionMask = 2147483647;
			files = (
				7F09BC5D2A238D9D00AA34B1 /* LaunchScreen.storyboard in Resources */,
				7F8433B62A26907100F906CB /* FormCell.xib in Resources */,
				7F09BC5A2A238D9D00AA34B1 /* Assets.xcassets in Resources */,
				7F09BC582A238D9D00AA34B1 /* Main.storyboard in Resources */,
			);
			runOnlyForDeploymentPostprocessing = 0;
		};
		7F09BC612A238D9D00AA34B1 /* Resources */ = {
			isa = PBXResourcesBuildPhase;
			buildActionMask = 2147483647;
			files = (
			);
			runOnlyForDeploymentPostprocessing = 0;
		};
		7F09BC6B2A238D9E00AA34B1 /* Resources */ = {
			isa = PBXResourcesBuildPhase;
			buildActionMask = 2147483647;
			files = (
			);
			runOnlyForDeploymentPostprocessing = 0;
		};
/* End PBXResourcesBuildPhase section */

/* Begin PBXShellScriptBuildPhase section */
		246F705F591A0AF9342EC5F1 /* [CP] Embed Pods Frameworks */ = {
			isa = PBXShellScriptBuildPhase;
			buildActionMask = 2147483647;
			files = (
			);
			inputFileListPaths = (
				"${PODS_ROOT}/Target Support Files/Pods-GNT-GNTUITests/Pods-GNT-GNTUITests-frameworks-${CONFIGURATION}-input-files.xcfilelist",
			);
			name = "[CP] Embed Pods Frameworks";
			outputFileListPaths = (
				"${PODS_ROOT}/Target Support Files/Pods-GNT-GNTUITests/Pods-GNT-GNTUITests-frameworks-${CONFIGURATION}-output-files.xcfilelist",
			);
			runOnlyForDeploymentPostprocessing = 0;
			shellPath = /bin/sh;
			shellScript = "\"${PODS_ROOT}/Target Support Files/Pods-GNT-GNTUITests/Pods-GNT-GNTUITests-frameworks.sh\"\n";
			showEnvVarsInLog = 0;
		};
		489129684E2486B0ABEAD148 /* [CP] Copy Pods Resources */ = {
			isa = PBXShellScriptBuildPhase;
			buildActionMask = 2147483647;
			files = (
			);
			inputFileListPaths = (
				"${PODS_ROOT}/Target Support Files/Pods-GNT/Pods-GNT-resources-${CONFIGURATION}-input-files.xcfilelist",
			);
			name = "[CP] Copy Pods Resources";
			outputFileListPaths = (
				"${PODS_ROOT}/Target Support Files/Pods-GNT/Pods-GNT-resources-${CONFIGURATION}-output-files.xcfilelist",
			);
			runOnlyForDeploymentPostprocessing = 0;
			shellPath = /bin/sh;
			shellScript = "\"${PODS_ROOT}/Target Support Files/Pods-GNT/Pods-GNT-resources.sh\"\n";
			showEnvVarsInLog = 0;
		};
		8798A3D1E6F6762C0525DA9D /* [CP] Check Pods Manifest.lock */ = {
			isa = PBXShellScriptBuildPhase;
			buildActionMask = 2147483647;
			files = (
			);
			inputFileListPaths = (
			);
			inputPaths = (
				"${PODS_PODFILE_DIR_PATH}/Podfile.lock",
				"${PODS_ROOT}/Manifest.lock",
			);
			name = "[CP] Check Pods Manifest.lock";
			outputFileListPaths = (
			);
			outputPaths = (
				"$(DERIVED_FILE_DIR)/Pods-GNT-GNTUITests-checkManifestLockResult.txt",
			);
			runOnlyForDeploymentPostprocessing = 0;
			shellPath = /bin/sh;
			shellScript = "diff \"${PODS_PODFILE_DIR_PATH}/Podfile.lock\" \"${PODS_ROOT}/Manifest.lock\" > /dev/null\nif [ $? != 0 ] ; then\n    # print error to STDERR\n    echo \"error: The sandbox is not in sync with the Podfile.lock. Run 'pod install' or update your CocoaPods installation.\" >&2\n    exit 1\nfi\n# This output is used by Xcode 'outputs' to avoid re-running this script phase.\necho \"SUCCESS\" > \"${SCRIPT_OUTPUT_FILE_0}\"\n";
			showEnvVarsInLog = 0;
		};
		AEFA5027684D6562F76759BF /* [CP] Copy Pods Resources */ = {
			isa = PBXShellScriptBuildPhase;
			buildActionMask = 2147483647;
			files = (
			);
			inputFileListPaths = (
				"${PODS_ROOT}/Target Support Files/Pods-GNT-GNTUITests/Pods-GNT-GNTUITests-resources-${CONFIGURATION}-input-files.xcfilelist",
			);
			name = "[CP] Copy Pods Resources";
			outputFileListPaths = (
				"${PODS_ROOT}/Target Support Files/Pods-GNT-GNTUITests/Pods-GNT-GNTUITests-resources-${CONFIGURATION}-output-files.xcfilelist",
			);
			runOnlyForDeploymentPostprocessing = 0;
			shellPath = /bin/sh;
			shellScript = "\"${PODS_ROOT}/Target Support Files/Pods-GNT-GNTUITests/Pods-GNT-GNTUITests-resources.sh\"\n";
			showEnvVarsInLog = 0;
		};
		BE75534855570C662CCD521B /* [CP] Embed Pods Frameworks */ = {
			isa = PBXShellScriptBuildPhase;
			buildActionMask = 2147483647;
			files = (
			);
			inputFileListPaths = (
				"${PODS_ROOT}/Target Support Files/Pods-GNT/Pods-GNT-frameworks-${CONFIGURATION}-input-files.xcfilelist",
			);
			name = "[CP] Embed Pods Frameworks";
			outputFileListPaths = (
				"${PODS_ROOT}/Target Support Files/Pods-GNT/Pods-GNT-frameworks-${CONFIGURATION}-output-files.xcfilelist",
			);
			runOnlyForDeploymentPostprocessing = 0;
			shellPath = /bin/sh;
			shellScript = "\"${PODS_ROOT}/Target Support Files/Pods-GNT/Pods-GNT-frameworks.sh\"\n";
			showEnvVarsInLog = 0;
		};
		CC0B0ECDDB71136863FEDB5D /* [CP] Check Pods Manifest.lock */ = {
			isa = PBXShellScriptBuildPhase;
			buildActionMask = 2147483647;
			files = (
			);
			inputFileListPaths = (
			);
			inputPaths = (
				"${PODS_PODFILE_DIR_PATH}/Podfile.lock",
				"${PODS_ROOT}/Manifest.lock",
			);
			name = "[CP] Check Pods Manifest.lock";
			outputFileListPaths = (
			);
			outputPaths = (
				"$(DERIVED_FILE_DIR)/Pods-GNTTests-checkManifestLockResult.txt",
			);
			runOnlyForDeploymentPostprocessing = 0;
			shellPath = /bin/sh;
			shellScript = "diff \"${PODS_PODFILE_DIR_PATH}/Podfile.lock\" \"${PODS_ROOT}/Manifest.lock\" > /dev/null\nif [ $? != 0 ] ; then\n    # print error to STDERR\n    echo \"error: The sandbox is not in sync with the Podfile.lock. Run 'pod install' or update your CocoaPods installation.\" >&2\n    exit 1\nfi\n# This output is used by Xcode 'outputs' to avoid re-running this script phase.\necho \"SUCCESS\" > \"${SCRIPT_OUTPUT_FILE_0}\"\n";
			showEnvVarsInLog = 0;
		};
		D6D6A8A041BE5574A51402F8 /* [CP] Check Pods Manifest.lock */ = {
			isa = PBXShellScriptBuildPhase;
			buildActionMask = 2147483647;
			files = (
			);
			inputFileListPaths = (
			);
			inputPaths = (
				"${PODS_PODFILE_DIR_PATH}/Podfile.lock",
				"${PODS_ROOT}/Manifest.lock",
			);
			name = "[CP] Check Pods Manifest.lock";
			outputFileListPaths = (
			);
			outputPaths = (
				"$(DERIVED_FILE_DIR)/Pods-GNT-checkManifestLockResult.txt",
			);
			runOnlyForDeploymentPostprocessing = 0;
			shellPath = /bin/sh;
			shellScript = "diff \"${PODS_PODFILE_DIR_PATH}/Podfile.lock\" \"${PODS_ROOT}/Manifest.lock\" > /dev/null\nif [ $? != 0 ] ; then\n    # print error to STDERR\n    echo \"error: The sandbox is not in sync with the Podfile.lock. Run 'pod install' or update your CocoaPods installation.\" >&2\n    exit 1\nfi\n# This output is used by Xcode 'outputs' to avoid re-running this script phase.\necho \"SUCCESS\" > \"${SCRIPT_OUTPUT_FILE_0}\"\n";
			showEnvVarsInLog = 0;
		};
/* End PBXShellScriptBuildPhase section */

/* Begin PBXSourcesBuildPhase section */
		7F09BC492A238D9D00AA34B1 /* Sources */ = {
			isa = PBXSourcesBuildPhase;
			buildActionMask = 2147483647;
			files = (
				7F7D4B172A2517CA002E46CF /* FormViewModel.swift in Sources */,
				7F8433B12A26869800F906CB /* FormsViewController.swift in Sources */,
				7F09BC872A239FD400AA34B1 /* AlamofireBuilder.swift in Sources */,
				7F7D4B0B2A24122E002E46CF /* FormViewController.swift in Sources */,
				7F09BC882A239FD400AA34B1 /* EndPoints.swift in Sources */,
				7F09BC552A238D9D00AA34B1 /* ViewController.swift in Sources */,
				7F7D4B002A23CE04002E46CF /* extensions.swift in Sources */,
				7F09BC892A239FD400AA34B1 /* ApiCallBack.swift in Sources */,
				7F7D4B112A24E701002E46CF /* ErrorModel.swift in Sources */,
				7F7D4B032A23D955002E46CF /* LoginModel.swift in Sources */,
				7F09BC512A238D9D00AA34B1 /* AppDelegate.swift in Sources */,
				7F09BC532A238D9D00AA34B1 /* SceneDelegate.swift in Sources */,
				7F7D4B132A251481002E46CF /* UserInformation.swift in Sources */,
				7F8433B52A26907100F906CB /* FormCell.swift in Sources */,
				7F7D4B062A23EFCD002E46CF /* LoginViewModel.swift in Sources */,
				7F7D4B082A2403EB002E46CF /* LoginRealm.swift in Sources */,
				7F8433B82A269D4700F906CB /* FormMapViewController.swift in Sources */,
				7FCEDACB2A25656100AE5F47 /* FormModel.swift in Sources */,
				7F7D4B152A2515A1002E46CF /* GovernemtsModel.swift in Sources */,
				7F8433AF2A267AE300F906CB /* LandingViewController.swift in Sources */,
				7FCEDAC92A25382D00AE5F47 /* MapViewController.swift in Sources */,
			);
			runOnlyForDeploymentPostprocessing = 0;
		};
		7F09BC5F2A238D9D00AA34B1 /* Sources */ = {
			isa = PBXSourcesBuildPhase;
			buildActionMask = 2147483647;
			files = (
			);
			runOnlyForDeploymentPostprocessing = 0;
		};
		7F09BC692A238D9E00AA34B1 /* Sources */ = {
			isa = PBXSourcesBuildPhase;
			buildActionMask = 2147483647;
			files = (
			);
			runOnlyForDeploymentPostprocessing = 0;
		};
/* End PBXSourcesBuildPhase section */

/* Begin PBXTargetDependency section */
		7F09BC652A238D9D00AA34B1 /* PBXTargetDependency */ = {
			isa = PBXTargetDependency;
			target = 7F09BC4C2A238D9D00AA34B1 /* GNT */;
			targetProxy = 7F09BC642A238D9D00AA34B1 /* PBXContainerItemProxy */;
		};
		7F09BC6F2A238D9E00AA34B1 /* PBXTargetDependency */ = {
			isa = PBXTargetDependency;
			target = 7F09BC4C2A238D9D00AA34B1 /* GNT */;
			targetProxy = 7F09BC6E2A238D9E00AA34B1 /* PBXContainerItemProxy */;
		};
/* End PBXTargetDependency section */

/* Begin PBXVariantGroup section */
		7F09BC562A238D9D00AA34B1 /* Main.storyboard */ = {
			isa = PBXVariantGroup;
			children = (
				7F09BC572A238D9D00AA34B1 /* Base */,
			);
			name = Main.storyboard;
			sourceTree = "<group>";
		};
		7F09BC5B2A238D9D00AA34B1 /* LaunchScreen.storyboard */ = {
			isa = PBXVariantGroup;
			children = (
				7F09BC5C2A238D9D00AA34B1 /* Base */,
			);
			name = LaunchScreen.storyboard;
			sourceTree = "<group>";
		};
/* End PBXVariantGroup section */

/* Begin XCBuildConfiguration section */
		7F09BC752A238D9E00AA34B1 /* Debug */ = {
			isa = XCBuildConfiguration;
			buildSettings = {
				ALWAYS_SEARCH_USER_PATHS = NO;
				CLANG_ANALYZER_NONNULL = YES;
				CLANG_ANALYZER_NUMBER_OBJECT_CONVERSION = YES_AGGRESSIVE;
				CLANG_CXX_LANGUAGE_STANDARD = "gnu++20";
				CLANG_ENABLE_MODULES = YES;
				CLANG_ENABLE_OBJC_ARC = YES;
				CLANG_ENABLE_OBJC_WEAK = YES;
				CLANG_WARN_BLOCK_CAPTURE_AUTORELEASING = YES;
				CLANG_WARN_BOOL_CONVERSION = YES;
				CLANG_WARN_COMMA = YES;
				CLANG_WARN_CONSTANT_CONVERSION = YES;
				CLANG_WARN_DEPRECATED_OBJC_IMPLEMENTATIONS = YES;
				CLANG_WARN_DIRECT_OBJC_ISA_USAGE = YES_ERROR;
				CLANG_WARN_DOCUMENTATION_COMMENTS = YES;
				CLANG_WARN_EMPTY_BODY = YES;
				CLANG_WARN_ENUM_CONVERSION = YES;
				CLANG_WARN_INFINITE_RECURSION = YES;
				CLANG_WARN_INT_CONVERSION = YES;
				CLANG_WARN_NON_LITERAL_NULL_CONVERSION = YES;
				CLANG_WARN_OBJC_IMPLICIT_RETAIN_SELF = YES;
				CLANG_WARN_OBJC_LITERAL_CONVERSION = YES;
				CLANG_WARN_OBJC_ROOT_CLASS = YES_ERROR;
				CLANG_WARN_QUOTED_INCLUDE_IN_FRAMEWORK_HEADER = YES;
				CLANG_WARN_RANGE_LOOP_ANALYSIS = YES;
				CLANG_WARN_STRICT_PROTOTYPES = YES;
				CLANG_WARN_SUSPICIOUS_MOVE = YES;
				CLANG_WARN_UNGUARDED_AVAILABILITY = YES_AGGRESSIVE;
				CLANG_WARN_UNREACHABLE_CODE = YES;
				CLANG_WARN__DUPLICATE_METHOD_MATCH = YES;
				COPY_PHASE_STRIP = NO;
				DEBUG_INFORMATION_FORMAT = dwarf;
				ENABLE_STRICT_OBJC_MSGSEND = YES;
				ENABLE_TESTABILITY = YES;
				GCC_C_LANGUAGE_STANDARD = gnu11;
				GCC_DYNAMIC_NO_PIC = NO;
				GCC_NO_COMMON_BLOCKS = YES;
				GCC_OPTIMIZATION_LEVEL = 0;
				GCC_PREPROCESSOR_DEFINITIONS = (
					"DEBUG=1",
					"$(inherited)",
				);
				GCC_WARN_64_TO_32_BIT_CONVERSION = YES;
				GCC_WARN_ABOUT_RETURN_TYPE = YES_ERROR;
				GCC_WARN_UNDECLARED_SELECTOR = YES;
				GCC_WARN_UNINITIALIZED_AUTOS = YES_AGGRESSIVE;
				GCC_WARN_UNUSED_FUNCTION = YES;
				GCC_WARN_UNUSED_VARIABLE = YES;
				IPHONEOS_DEPLOYMENT_TARGET = 16.4;
				MTL_ENABLE_DEBUG_INFO = INCLUDE_SOURCE;
				MTL_FAST_MATH = YES;
				ONLY_ACTIVE_ARCH = YES;
				SDKROOT = iphoneos;
				SWIFT_ACTIVE_COMPILATION_CONDITIONS = DEBUG;
				SWIFT_OPTIMIZATION_LEVEL = "-Onone";
			};
			name = Debug;
		};
		7F09BC762A238D9E00AA34B1 /* Release */ = {
			isa = XCBuildConfiguration;
			buildSettings = {
				ALWAYS_SEARCH_USER_PATHS = NO;
				CLANG_ANALYZER_NONNULL = YES;
				CLANG_ANALYZER_NUMBER_OBJECT_CONVERSION = YES_AGGRESSIVE;
				CLANG_CXX_LANGUAGE_STANDARD = "gnu++20";
				CLANG_ENABLE_MODULES = YES;
				CLANG_ENABLE_OBJC_ARC = YES;
				CLANG_ENABLE_OBJC_WEAK = YES;
				CLANG_WARN_BLOCK_CAPTURE_AUTORELEASING = YES;
				CLANG_WARN_BOOL_CONVERSION = YES;
				CLANG_WARN_COMMA = YES;
				CLANG_WARN_CONSTANT_CONVERSION = YES;
				CLANG_WARN_DEPRECATED_OBJC_IMPLEMENTATIONS = YES;
				CLANG_WARN_DIRECT_OBJC_ISA_USAGE = YES_ERROR;
				CLANG_WARN_DOCUMENTATION_COMMENTS = YES;
				CLANG_WARN_EMPTY_BODY = YES;
				CLANG_WARN_ENUM_CONVERSION = YES;
				CLANG_WARN_INFINITE_RECURSION = YES;
				CLANG_WARN_INT_CONVERSION = YES;
				CLANG_WARN_NON_LITERAL_NULL_CONVERSION = YES;
				CLANG_WARN_OBJC_IMPLICIT_RETAIN_SELF = YES;
				CLANG_WARN_OBJC_LITERAL_CONVERSION = YES;
				CLANG_WARN_OBJC_ROOT_CLASS = YES_ERROR;
				CLANG_WARN_QUOTED_INCLUDE_IN_FRAMEWORK_HEADER = YES;
				CLANG_WARN_RANGE_LOOP_ANALYSIS = YES;
				CLANG_WARN_STRICT_PROTOTYPES = YES;
				CLANG_WARN_SUSPICIOUS_MOVE = YES;
				CLANG_WARN_UNGUARDED_AVAILABILITY = YES_AGGRESSIVE;
				CLANG_WARN_UNREACHABLE_CODE = YES;
				CLANG_WARN__DUPLICATE_METHOD_MATCH = YES;
				COPY_PHASE_STRIP = NO;
				DEBUG_INFORMATION_FORMAT = "dwarf-with-dsym";
				ENABLE_NS_ASSERTIONS = NO;
				ENABLE_STRICT_OBJC_MSGSEND = YES;
				GCC_C_LANGUAGE_STANDARD = gnu11;
				GCC_NO_COMMON_BLOCKS = YES;
				GCC_WARN_64_TO_32_BIT_CONVERSION = YES;
				GCC_WARN_ABOUT_RETURN_TYPE = YES_ERROR;
				GCC_WARN_UNDECLARED_SELECTOR = YES;
				GCC_WARN_UNINITIALIZED_AUTOS = YES_AGGRESSIVE;
				GCC_WARN_UNUSED_FUNCTION = YES;
				GCC_WARN_UNUSED_VARIABLE = YES;
				IPHONEOS_DEPLOYMENT_TARGET = 16.4;
				MTL_ENABLE_DEBUG_INFO = NO;
				MTL_FAST_MATH = YES;
				SDKROOT = iphoneos;
				SWIFT_COMPILATION_MODE = wholemodule;
				SWIFT_OPTIMIZATION_LEVEL = "-O";
				VALIDATE_PRODUCT = YES;
			};
			name = Release;
		};
		7F09BC782A238D9E00AA34B1 /* Debug */ = {
			isa = XCBuildConfiguration;
			baseConfigurationReference = 22E0DE82058CB8E6255528DE /* Pods-GNT.debug.xcconfig */;
			buildSettings = {
				ALWAYS_EMBED_SWIFT_STANDARD_LIBRARIES = "$(inherited)";
				ASSETCATALOG_COMPILER_APPICON_NAME = AppIcon;
				ASSETCATALOG_COMPILER_GLOBAL_ACCENT_COLOR_NAME = AccentColor;
				CODE_SIGN_STYLE = Automatic;
				CURRENT_PROJECT_VERSION = 1;
				DEVELOPMENT_TEAM = MD6K9VKGDK;
				GENERATE_INFOPLIST_FILE = YES;
				INFOPLIST_FILE = GNT/Info.plist;
				INFOPLIST_KEY_UIApplicationSupportsIndirectInputEvents = YES;
				INFOPLIST_KEY_UILaunchStoryboardName = LaunchScreen;
				INFOPLIST_KEY_UIMainStoryboardFile = Main;
				INFOPLIST_KEY_UISupportedInterfaceOrientations_iPad = "UIInterfaceOrientationPortrait UIInterfaceOrientationPortraitUpsideDown UIInterfaceOrientationLandscapeLeft UIInterfaceOrientationLandscapeRight";
				INFOPLIST_KEY_UISupportedInterfaceOrientations_iPhone = "UIInterfaceOrientationPortrait UIInterfaceOrientationLandscapeLeft UIInterfaceOrientationLandscapeRight";
				LD_RUNPATH_SEARCH_PATHS = (
					"@loader",
					path/Frameworks,
					"@executable_path/Frameworks",
				);
				MARKETING_VERSION = 1.0;
				PRODUCT_BUNDLE_IDENTIFIER = shaneen.dhahd.GNT;
				PRODUCT_NAME = "$(TARGET_NAME)";
				SUPPORTED_PLATFORMS = "iphoneos iphonesimulator";
				SUPPORTS_MACCATALYST = NO;
				SUPPORTS_MAC_DESIGNED_FOR_IPHONE_IPAD = NO;
				SWIFT_EMIT_LOC_STRINGS = YES;
				SWIFT_VERSION = 5.0;
				TARGETED_DEVICE_FAMILY = "1,2";
			};
			name = Debug;
		};
		7F09BC792A238D9E00AA34B1 /* Release */ = {
			isa = XCBuildConfiguration;
			baseConfigurationReference = E8456E7C0AFE83EDC05D297F /* Pods-GNT.release.xcconfig */;
			buildSettings = {
				ALWAYS_EMBED_SWIFT_STANDARD_LIBRARIES = "$(inherited)";
				ASSETCATALOG_COMPILER_APPICON_NAME = AppIcon;
				ASSETCATALOG_COMPILER_GLOBAL_ACCENT_COLOR_NAME = AccentColor;
				CODE_SIGN_STYLE = Automatic;
				CURRENT_PROJECT_VERSION = 1;
				DEVELOPMENT_TEAM = MD6K9VKGDK;
				GENERATE_INFOPLIST_FILE = YES;
				INFOPLIST_FILE = GNT/Info.plist;
				INFOPLIST_KEY_UIApplicationSupportsIndirectInputEvents = YES;
				INFOPLIST_KEY_UILaunchStoryboardName = LaunchScreen;
				INFOPLIST_KEY_UIMainStoryboardFile = Main;
				INFOPLIST_KEY_UISupportedInterfaceOrientations_iPad = "UIInterfaceOrientationPortrait UIInterfaceOrientationPortraitUpsideDown UIInterfaceOrientationLandscapeLeft UIInterfaceOrientationLandscapeRight";
				INFOPLIST_KEY_UISupportedInterfaceOrientations_iPhone = "UIInterfaceOrientationPortrait UIInterfaceOrientationLandscapeLeft UIInterfaceOrientationLandscapeRight";
				LD_RUNPATH_SEARCH_PATHS = (
					"@loader",
					path/Frameworks,
					"@executable_path/Frameworks",
				);
				MARKETING_VERSION = 1.0;
				PRODUCT_BUNDLE_IDENTIFIER = shaneen.dhahd.GNT;
				PRODUCT_NAME = "$(TARGET_NAME)";
				SUPPORTED_PLATFORMS = "iphoneos iphonesimulator";
				SUPPORTS_MACCATALYST = NO;
				SUPPORTS_MAC_DESIGNED_FOR_IPHONE_IPAD = NO;
				SWIFT_EMIT_LOC_STRINGS = YES;
				SWIFT_VERSION = 5.0;
				TARGETED_DEVICE_FAMILY = "1,2";
			};
			name = Release;
		};
		7F09BC7B2A238D9E00AA34B1 /* Debug */ = {
			isa = XCBuildConfiguration;
			baseConfigurationReference = 4214C827C11A68B6BCF9C903 /* Pods-GNTTests.debug.xcconfig */;
			buildSettings = {
				ALWAYS_EMBED_SWIFT_STANDARD_LIBRARIES = YES;
				BUNDLE_LOADER = "$(TEST_HOST)";
				CODE_SIGN_STYLE = Automatic;
				CURRENT_PROJECT_VERSION = 1;
				DEVELOPMENT_TEAM = MD6K9VKGDK;
				GENERATE_INFOPLIST_FILE = YES;
				IPHONEOS_DEPLOYMENT_TARGET = 16.4;
				MARKETING_VERSION = 1.0;
				PRODUCT_BUNDLE_IDENTIFIER = shaneen.dhahd.GNTTests;
				PRODUCT_NAME = "$(TARGET_NAME)";
				SWIFT_EMIT_LOC_STRINGS = NO;
				SWIFT_VERSION = 5.0;
				TARGETED_DEVICE_FAMILY = "1,2";
				TEST_HOST = "$(BUILT_PRODUCTS_DIR)/GNT.app/$(BUNDLE_EXECUTABLE_FOLDER_PATH)/GNT";
			};
			name = Debug;
		};
		7F09BC7C2A238D9E00AA34B1 /* Release */ = {
			isa = XCBuildConfiguration;
			baseConfigurationReference = 599152DAB7A157E7BE3ECE41 /* Pods-GNTTests.release.xcconfig */;
			buildSettings = {
				ALWAYS_EMBED_SWIFT_STANDARD_LIBRARIES = YES;
				BUNDLE_LOADER = "$(TEST_HOST)";
				CODE_SIGN_STYLE = Automatic;
				CURRENT_PROJECT_VERSION = 1;
				DEVELOPMENT_TEAM = MD6K9VKGDK;
				GENERATE_INFOPLIST_FILE = YES;
				IPHONEOS_DEPLOYMENT_TARGET = 16.4;
				MARKETING_VERSION = 1.0;
				PRODUCT_BUNDLE_IDENTIFIER = shaneen.dhahd.GNTTests;
				PRODUCT_NAME = "$(TARGET_NAME)";
				SWIFT_EMIT_LOC_STRINGS = NO;
				SWIFT_VERSION = 5.0;
				TARGETED_DEVICE_FAMILY = "1,2";
				TEST_HOST = "$(BUILT_PRODUCTS_DIR)/GNT.app/$(BUNDLE_EXECUTABLE_FOLDER_PATH)/GNT";
			};
			name = Release;
		};
		7F09BC7E2A238D9E00AA34B1 /* Debug */ = {
			isa = XCBuildConfiguration;
			baseConfigurationReference = 29CDBAC94E39A584C280357B /* Pods-GNT-GNTUITests.debug.xcconfig */;
			buildSettings = {
				ALWAYS_EMBED_SWIFT_STANDARD_LIBRARIES = YES;
				CODE_SIGN_STYLE = Automatic;
				CURRENT_PROJECT_VERSION = 1;
				DEVELOPMENT_TEAM = MD6K9VKGDK;
				GENERATE_INFOPLIST_FILE = YES;
				MARKETING_VERSION = 1.0;
				PRODUCT_BUNDLE_IDENTIFIER = shaneen.dhahd.GNTUITests;
				PRODUCT_NAME = "$(TARGET_NAME)";
				SWIFT_EMIT_LOC_STRINGS = NO;
				SWIFT_VERSION = 5.0;
				TARGETED_DEVICE_FAMILY = "1,2";
				TEST_TARGET_NAME = GNT;
			};
			name = Debug;
		};
		7F09BC7F2A238D9E00AA34B1 /* Release */ = {
			isa = XCBuildConfiguration;
			baseConfigurationReference = 83E1A0D7476756AC68A0CC50 /* Pods-GNT-GNTUITests.release.xcconfig */;
			buildSettings = {
				ALWAYS_EMBED_SWIFT_STANDARD_LIBRARIES = YES;
				CODE_SIGN_STYLE = Automatic;
				CURRENT_PROJECT_VERSION = 1;
				DEVELOPMENT_TEAM = MD6K9VKGDK;
				GENERATE_INFOPLIST_FILE = YES;
				MARKETING_VERSION = 1.0;
				PRODUCT_BUNDLE_IDENTIFIER = shaneen.dhahd.GNTUITests;
				PRODUCT_NAME = "$(TARGET_NAME)";
				SWIFT_EMIT_LOC_STRINGS = NO;
				SWIFT_VERSION = 5.0;
				TARGETED_DEVICE_FAMILY = "1,2";
				TEST_TARGET_NAME = GNT;
			};
			name = Release;
		};
/* End XCBuildConfiguration section */

/* Begin XCConfigurationList section */
		7F09BC482A238D9D00AA34B1 /* Build configuration list for PBXProject "GNT" */ = {
			isa = XCConfigurationList;
			buildConfigurations = (
				7F09BC752A238D9E00AA34B1 /* Debug */,
				7F09BC762A238D9E00AA34B1 /* Release */,
			);
			defaultConfigurationIsVisible = 0;
			defaultConfigurationName = Release;
		};
		7F09BC772A238D9E00AA34B1 /* Build configuration list for PBXNativeTarget "GNT" */ = {
			isa = XCConfigurationList;
			buildConfigurations = (
				7F09BC782A238D9E00AA34B1 /* Debug */,
				7F09BC792A238D9E00AA34B1 /* Release */,
			);
			defaultConfigurationIsVisible = 0;
			defaultConfigurationName = Release;
		};
		7F09BC7A2A238D9E00AA34B1 /* Build configuration list for PBXNativeTarget "GNTTests" */ = {
			isa = XCConfigurationList;
			buildConfigurations = (
				7F09BC7B2A238D9E00AA34B1 /* Debug */,
				7F09BC7C2A238D9E00AA34B1 /* Release */,
			);
			defaultConfigurationIsVisible = 0;
			defaultConfigurationName = Release;
		};
		7F09BC7D2A238D9E00AA34B1 /* Build configuration list for PBXNativeTarget "GNTUITests" */ = {
			isa = XCConfigurationList;
			buildConfigurations = (
				7F09BC7E2A238D9E00AA34B1 /* Debug */,
				7F09BC7F2A238D9E00AA34B1 /* Release */,
			);
			defaultConfigurationIsVisible = 0;
			defaultConfigurationName = Release;
		};
/* End XCConfigurationList section */
	};
	rootObject = 7F09BC452A238D9D00AA34B1 /* Project object */;
}
