// !$*UTF8*$!
{
	archiveVersion = 1;
	classes = {
	};
	objectVersion = 56;
	objects = {

/* Begin PBXBuildFile section */
		7F09BC512A238D9D00AA34B1 /* AppDelegate.swift in Sources */ = {isa = PBXBuildFile; fileRef = 7F09BC502A238D9D00AA34B1 /* AppDelegate.swift */; };
		7F09BC532A238D9D00AA34B1 /* SceneDelegate.swift in Sources */ = {isa = PBXBuildFile; fileRef = 7F09BC522A238D9D00AA34B1 /* SceneDelegate.swift */; };
		7F09BC552A238D9D00AA34B1 /* ViewController.swift in Sources */ = {isa = PBXBuildFile; fileRef = 7F09BC542A238D9D00AA34B1 /* ViewController.swift */; };
		7F09BC582A238D9D00AA34B1 /* Main.storyboard in Resources */ = {isa = PBXBuildFile; fileRef = 7F09BC562A238D9D00AA34B1 /* Main.storyboard */; };
		7F09BC5A2A238D9D00AA34B1 /* Assets.xcassets in Resources */ = {isa = PBXBuildFile; fileRef = 7F09BC592A238D9D00AA34B1 /* Assets.xcassets */; };
		7F09BC5D2A238D9D00AA34B1 /* LaunchScreen.storyboard in Resources */ = {isa = PBXBuildFile; fileRef = 7F09BC5B2A238D9D00AA34B1 /* LaunchScreen.storyboard */; };
		7F09BC682A238D9D00AA34B1 /* GNTTests.swift in Sources */ = {isa = PBXBuildFile; fileRef = 7F09BC672A238D9D00AA34B1 /* GNTTests.swift */; };
		7F09BC722A238D9E00AA34B1 /* GNTUITests.swift in Sources */ = {isa = PBXBuildFile; fileRef = 7F09BC712A238D9E00AA34B1 /* GNTUITests.swift */; };
		7F09BC742A238D9E00AA34B1 /* GNTUITestsLaunchTests.swift in Sources */ = {isa = PBXBuildFile; fileRef = 7F09BC732A238D9E00AA34B1 /* GNTUITestsLaunchTests.swift */; };
/* End PBXBuildFile section */

/* Begin PBXContainerItemProxy section */
		7F09BC642A238D9D00AA34B1 /* PBXContainerItemProxy */ = {
			isa = PBXContainerItemProxy;
			containerPortal = 7F09BC452A238D9D00AA34B1 /* Project object */;
			proxyType = 1;
			remoteGlobalIDString = 7F09BC4C2A238D9D00AA34B1;
			remoteInfo = GNT;
		};
		7F09BC6E2A238D9E00AA34B1 /* PBXContainerItemProxy */ = {
			isa = PBXContainerItemProxy;
			containerPortal = 7F09BC452A238D9D00AA34B1 /* Project object */;
			proxyType = 1;
			remoteGlobalIDString = 7F09BC4C2A238D9D00AA34B1;
			remoteInfo = GNT;
		};
/* End PBXContainerItemProxy section */

/* Begin PBXFileReference section */
		7F09BC4D2A238D9D00AA34B1 /* GNT.app */ = {isa = PBXFileReference; explicitFileType = wrapper.application; includeInIndex = 0; path = GNT.app; sourceTree = BUILT_PRODUCTS_DIR; };
		7F09BC502A238D9D00AA34B1 /* AppDelegate.swift */ = {isa = PBXFileReference; lastKnownFileType = sourcecode.swift; path = AppDelegate.swift; sourceTree = "<group>"; };
		7F09BC522A238D9D00AA34B1 /* SceneDelegate.swift */ = {isa = PBXFileReference; lastKnownFileType = sourcecode.swift; path = SceneDelegate.swift; sourceTree = "<group>"; };
		7F09BC542A238D9D00AA34B1 /* ViewController.swift */ = {isa = PBXFileReference; lastKnownFileType = sourcecode.swift; path = ViewController.swift; sourceTree = "<group>"; };
		7F09BC572A238D9D00AA34B1 /* Base */ = {isa = PBXFileReference; lastKnownFileType = file.storyboard; name = Base; path = Base.lproj/Main.storyboard; sourceTree = "<group>"; };
		7F09BC592A238D9D00AA34B1 /* Assets.xcassets */ = {isa = PBXFileReference; lastKnownFileType = folder.assetcatalog; path = Assets.xcassets; sourceTree = "<group>"; };
		7F09BC5C2A238D9D00AA34B1 /* Base */ = {isa = PBXFileReference; lastKnownFileType = file.storyboard; name = Base; path = Base.lproj/LaunchScreen.storyboard; sourceTree = "<group>"; };
		7F09BC5E2A238D9D00AA34B1 /* Info.plist */ = {isa = PBXFileReference; lastKnownFileType = text.plist.xml; path = Info.plist; sourceTree = "<group>"; };
		7F09BC632A238D9D00AA34B1 /* GNTTests.xctest */ = {isa = PBXFileReference; explicitFileType = wrapper.cfbundle; includeInIndex = 0; path = GNTTests.xctest; sourceTree = BUILT_PRODUCTS_DIR; };
		7F09BC672A238D9D00AA34B1 /* GNTTests.swift */ = {isa = PBXFileReference; lastKnownFileType = sourcecode.swift; path = GNTTests.swift; sourceTree = "<group>"; };
		7F09BC6D2A238D9E00AA34B1 /* GNTUITests.xctest */ = {isa = PBXFileReference; explicitFileType = wrapper.cfbundle; includeInIndex = 0; path = GNTUITests.xctest; sourceTree = BUILT_PRODUCTS_DIR; };
		7F09BC712A238D9E00AA34B1 /* GNTUITests.swift */ = {isa = PBXFileReference; lastKnownFileType = sourcecode.swift; path = GNTUITests.swift; sourceTree = "<group>"; };
		7F09BC732A238D9E00AA34B1 /* GNTUITestsLaunchTests.swift */ = {isa = PBXFileReference; lastKnownFileType = sourcecode.swift; path = GNTUITestsLaunchTests.swift; sourceTree = "<group>"; };
/* End PBXFileReference section */

/* Begin PBXFrameworksBuildPhase section */
		7F09BC4A2A238D9D00AA34B1 /* Frameworks */ = {
			isa = PBXFrameworksBuildPhase;
			buildActionMask = 2147483647;
			files = (
			);
			runOnlyForDeploymentPostprocessing = 0;
		};
		7F09BC602A238D9D00AA34B1 /* Frameworks */ = {
			isa = PBXFrameworksBuildPhase;
			buildActionMask = 2147483647;
			files = (
			);
			runOnlyForDeploymentPostprocessing = 0;
		};
		7F09BC6A2A238D9E00AA34B1 /* Frameworks */ = {
			isa = PBXFrameworksBuildPhase;
			buildActionMask = 2147483647;
			files = (
			);
			runOnlyForDeploymentPostprocessing = 0;
		};
/* End PBXFrameworksBuildPhase section */

/* Begin PBXGroup section */
		7F09BC442A238D9D00AA34B1 = {
			isa = PBXGroup;
			children = (
				7F09BC4F2A238D9D00AA34B1 /* GNT */,
				7F09BC662A238D9D00AA34B1 /* GNTTests */,
				7F09BC702A238D9E00AA34B1 /* GNTUITests */,
				7F09BC4E2A238D9D00AA34B1 /* Products */,
			);
			sourceTree = "<group>";
		};
		7F09BC4E2A238D9D00AA34B1 /* Products */ = {
			isa = PBXGroup;
			children = (
				7F09BC4D2A238D9D00AA34B1 /* GNT.app */,
				7F09BC632A238D9D00AA34B1 /* GNTTests.xctest */,
				7F09BC6D2A238D9E00AA34B1 /* GNTUITests.xctest */,
			);
			name = Products;
			sourceTree = "<group>";
		};
		7F09BC4F2A238D9D00AA34B1 /* GNT */ = {
			isa = PBXGroup;
			children = (
				7F09BC502A238D9D00AA34B1 /* AppDelegate.swift */,
				7F09BC522A238D9D00AA34B1 /* SceneDelegate.swift */,
				7F09BC542A238D9D00AA34B1 /* ViewController.swift */,
				7F09BC562A238D9D00AA34B1 /* Main.storyboard */,
				7F09BC592A238D9D00AA34B1 /* Assets.xcassets */,
				7F09BC5B2A238D9D00AA34B1 /* LaunchScreen.storyboard */,
				7F09BC5E2A238D9D00AA34B1 /* Info.plist */,
			);
			path = GNT;
			sourceTree = "<group>";
		};
		7F09BC662A238D9D00AA34B1 /* GNTTests */ = {
			isa = PBXGroup;
			children = (
				7F09BC672A238D9D00AA34B1 /* GNTTests.swift */,
			);
			path = GNTTests;
			sourceTree = "<group>";
		};
		7F09BC702A238D9E00AA34B1 /* GNTUITests */ = {
			isa = PBXGroup;
			children = (
				7F09BC712A238D9E00AA34B1 /* GNTUITests.swift */,
				7F09BC732A238D9E00AA34B1 /* GNTUITestsLaunchTests.swift */,
			);
			path = GNTUITests;
			sourceTree = "<group>";
		};
/* End PBXGroup section */

/* Begin PBXNativeTarget section */
		7F09BC4C2A238D9D00AA34B1 /* GNT */ = {
			isa = PBXNativeTarget;
			buildConfigurationList = 7F09BC772A238D9E00AA34B1 /* Build configuration list for PBXNativeTarget "GNT" */;
			buildPhases = (
				7F09BC492A238D9D00AA34B1 /* Sources */,
				7F09BC4A2A238D9D00AA34B1 /* Frameworks */,
				7F09BC4B2A238D9D00AA34B1 /* Resources */,
			);
			buildRules = (
			);
			dependencies = (
			);
			name = GNT;
			productName = GNT;
			productReference = 7F09BC4D2A238D9D00AA34B1 /* GNT.app */;
			productType = "com.apple.product-type.application";
		};
		7F09BC622A238D9D00AA34B1 /* GNTTests */ = {
			isa = PBXNativeTarget;
			buildConfigurationList = 7F09BC7A2A238D9E00AA34B1 /* Build configuration list for PBXNativeTarget "GNTTests" */;
			buildPhases = (
				7F09BC5F2A238D9D00AA34B1 /* Sources */,
				7F09BC602A238D9D00AA34B1 /* Frameworks */,
				7F09BC612A238D9D00AA34B1 /* Resources */,
			);
			buildRules = (
			);
			dependencies = (
				7F09BC652A238D9D00AA34B1 /* PBXTargetDependency */,
			);
			name = GNTTests;
			productName = GNTTests;
			productReference = 7F09BC632A238D9D00AA34B1 /* GNTTests.xctest */;
			productType = "com.apple.product-type.bundle.unit-test";
		};
		7F09BC6C2A238D9E00AA34B1 /* GNTUITests */ = {
			isa = PBXNativeTarget;
			buildConfigurationList = 7F09BC7D2A238D9E00AA34B1 /* Build configuration list for PBXNativeTarget "GNTUITests" */;
			buildPhases = (
				7F09BC692A238D9E00AA34B1 /* Sources */,
				7F09BC6A2A238D9E00AA34B1 /* Frameworks */,
				7F09BC6B2A238D9E00AA34B1 /* Resources */,
			);
			buildRules = (
			);
			dependencies = (
				7F09BC6F2A238D9E00AA34B1 /* PBXTargetDependency */,
			);
			name = GNTUITests;
			productName = GNTUITests;
			productReference = 7F09BC6D2A238D9E00AA34B1 /* GNTUITests.xctest */;
			productType = "com.apple.product-type.bundle.ui-testing";
		};
/* End PBXNativeTarget section */

/* Begin PBXProject section */
		7F09BC452A238D9D00AA34B1 /* Project object */ = {
			isa = PBXProject;
			attributes = {
				BuildIndependentTargetsInParallel = 1;
				LastSwiftUpdateCheck = 1430;
				LastUpgradeCheck = 1430;
				TargetAttributes = {
					7F09BC4C2A238D9D00AA34B1 = {
						CreatedOnToolsVersion = 14.3;
					};
					7F09BC622A238D9D00AA34B1 = {
						CreatedOnToolsVersion = 14.3;
						TestTargetID = 7F09BC4C2A238D9D00AA34B1;
					};
					7F09BC6C2A238D9E00AA34B1 = {
						CreatedOnToolsVersion = 14.3;
						TestTargetID = 7F09BC4C2A238D9D00AA34B1;
					};
				};
			};
			buildConfigurationList = 7F09BC482A238D9D00AA34B1 /* Build configuration list for PBXProject "GNT" */;
			compatibilityVersion = "Xcode 14.0";
			developmentRegion = en;
			hasScannedForEncodings = 0;
			knownRegions = (
				en,
				Base,
			);
			mainGroup = 7F09BC442A238D9D00AA34B1;
			productRefGroup = 7F09BC4E2A238D9D00AA34B1 /* Products */;
			projectDirPath = "";
			projectRoot = "";
			targets = (
				7F09BC4C2A238D9D00AA34B1 /* GNT */,
				7F09BC622A238D9D00AA34B1 /* GNTTests */,
				7F09BC6C2A238D9E00AA34B1 /* GNTUITests */,
			);
		};
/* End PBXProject section */

/* Begin PBXResourcesBuildPhase section */
		7F09BC4B2A238D9D00AA34B1 /* Resources */ = {
			isa = PBXResourcesBuildPhase;
			buildActionMask = 2147483647;
			files = (
				7F09BC5D2A238D9D00AA34B1 /* LaunchScreen.storyboard in Resources */,
				7F09BC5A2A238D9D00AA34B1 /* Assets.xcassets in Resources */,
				7F09BC582A238D9D00AA34B1 /* Main.storyboard in Resources */,
			);
			runOnlyForDeploymentPostprocessing = 0;
		};
		7F09BC612A238D9D00AA34B1 /* Resources */ = {
			isa = PBXResourcesBuildPhase;
			buildActionMask = 2147483647;
			files = (
			);
			runOnlyForDeploymentPostprocessing = 0;
		};
		7F09BC6B2A238D9E00AA34B1 /* Resources */ = {
			isa = PBXResourcesBuildPhase;
			buildActionMask = 2147483647;
			files = (
			);
			runOnlyForDeploymentPostprocessing = 0;
		};
/* End PBXResourcesBuildPhase section */

/* Begin PBXSourcesBuildPhase section */
		7F09BC492A238D9D00AA34B1 /* Sources */ = {
			isa = PBXSourcesBuildPhase;
			buildActionMask = 2147483647;
			files = (
				7F09BC552A238D9D00AA34B1 /* ViewController.swift in Sources */,
				7F09BC512A238D9D00AA34B1 /* AppDelegate.swift in Sources */,
				7F09BC532A238D9D00AA34B1 /* SceneDelegate.swift in Sources */,
			);
			runOnlyForDeploymentPostprocessing = 0;
		};
		7F09BC5F2A238D9D00AA34B1 /* Sources */ = {
			isa = PBXSourcesBuildPhase;
			buildActionMask = 2147483647;
			files = (
				7F09BC682A238D9D00AA34B1 /* GNTTests.swift in Sources */,
			);
			runOnlyForDeploymentPostprocessing = 0;
		};
		7F09BC692A238D9E00AA34B1 /* Sources */ = {
			isa = PBXSourcesBuildPhase;
			buildActionMask = 2147483647;
			files = (
				7F09BC742A238D9E00AA34B1 /* GNTUITestsLaunchTests.swift in Sources */,
				7F09BC722A238D9E00AA34B1 /* GNTUITests.swift in Sources */,
			);
			runOnlyForDeploymentPostprocessing = 0;
		};
/* End PBXSourcesBuildPhase section */

/* Begin PBXTargetDependency section */
		7F09BC652A238D9D00AA34B1 /* PBXTargetDependency */ = {
			isa = PBXTargetDependency;
			target = 7F09BC4C2A238D9D00AA34B1 /* GNT */;
			targetProxy = 7F09BC642A238D9D00AA34B1 /* PBXContainerItemProxy */;
		};
		7F09BC6F2A238D9E00AA34B1 /* PBXTargetDependency */ = {
			isa = PBXTargetDependency;
			target = 7F09BC4C2A238D9D00AA34B1 /* GNT */;
			targetProxy = 7F09BC6E2A238D9E00AA34B1 /* PBXContainerItemProxy */;
		};
/* End PBXTargetDependency section */

/* Begin PBXVariantGroup section */
		7F09BC562A238D9D00AA34B1 /* Main.storyboard */ = {
			isa = PBXVariantGroup;
			children = (
				7F09BC572A238D9D00AA34B1 /* Base */,
			);
			name = Main.storyboard;
			sourceTree = "<group>";
		};
		7F09BC5B2A238D9D00AA34B1 /* LaunchScreen.storyboard */ = {
			isa = PBXVariantGroup;
			children = (
				7F09BC5C2A238D9D00AA34B1 /* Base */,
			);
			name = LaunchScreen.storyboard;
			sourceTree = "<group>";
		};
/* End PBXVariantGroup section */

/* Begin XCBuildConfiguration section */
		7F09BC752A238D9E00AA34B1 /* Debug */ = {
			isa = XCBuildConfiguration;
			buildSettings = {
				ALWAYS_SEARCH_USER_PATHS = NO;
				CLANG_ANALYZER_NONNULL = YES;
				CLANG_ANALYZER_NUMBER_OBJECT_CONVERSION = YES_AGGRESSIVE;
				CLANG_CXX_LANGUAGE_STANDARD = "gnu++20";
				CLANG_ENABLE_MODULES = YES;
				CLANG_ENABLE_OBJC_ARC = YES;
				CLANG_ENABLE_OBJC_WEAK = YES;
				CLANG_WARN_BLOCK_CAPTURE_AUTORELEASING = YES;
				CLANG_WARN_BOOL_CONVERSION = YES;
				CLANG_WARN_COMMA = YES;
				CLANG_WARN_CONSTANT_CONVERSION = YES;
				CLANG_WARN_DEPRECATED_OBJC_IMPLEMENTATIONS = YES;
				CLANG_WARN_DIRECT_OBJC_ISA_USAGE = YES_ERROR;
				CLANG_WARN_DOCUMENTATION_COMMENTS = YES;
				CLANG_WARN_EMPTY_BODY = YES;
				CLANG_WARN_ENUM_CONVERSION = YES;
				CLANG_WARN_INFINITE_RECURSION = YES;
				CLANG_WARN_INT_CONVERSION = YES;
				CLANG_WARN_NON_LITERAL_NULL_CONVERSION = YES;
				CLANG_WARN_OBJC_IMPLICIT_RETAIN_SELF = YES;
				CLANG_WARN_OBJC_LITERAL_CONVERSION = YES;
				CLANG_WARN_OBJC_ROOT_CLASS = YES_ERROR;
				CLANG_WARN_QUOTED_INCLUDE_IN_FRAMEWORK_HEADER = YES;
				CLANG_WARN_RANGE_LOOP_ANALYSIS = YES;
				CLANG_WARN_STRICT_PROTOTYPES = YES;
				CLANG_WARN_SUSPICIOUS_MOVE = YES;
				CLANG_WARN_UNGUARDED_AVAILABILITY = YES_AGGRESSIVE;
				CLANG_WARN_UNREACHABLE_CODE = YES;
				CLANG_WARN__DUPLICATE_METHOD_MATCH = YES;
				COPY_PHASE_STRIP = NO;
				DEBUG_INFORMATION_FORMAT = dwarf;
				ENABLE_STRICT_OBJC_MSGSEND = YES;
				ENABLE_TESTABILITY = YES;
				GCC_C_LANGUAGE_STANDARD = gnu11;
				GCC_DYNAMIC_NO_PIC = NO;
				GCC_NO_COMMON_BLOCKS = YES;
				GCC_OPTIMIZATION_LEVEL = 0;
				GCC_PREPROCESSOR_DEFINITIONS = (
					"DEBUG=1",
					"$(inherited)",
				);
				GCC_WARN_64_TO_32_BIT_CONVERSION = YES;
				GCC_WARN_ABOUT_RETURN_TYPE = YES_ERROR;
				GCC_WARN_UNDECLARED_SELECTOR = YES;
				GCC_WARN_UNINITIALIZED_AUTOS = YES_AGGRESSIVE;
				GCC_WARN_UNUSED_FUNCTION = YES;
				GCC_WARN_UNUSED_VARIABLE = YES;
				IPHONEOS_DEPLOYMENT_TARGET = 16.4;
				MTL_ENABLE_DEBUG_INFO = INCLUDE_SOURCE;
				MTL_FAST_MATH = YES;
				ONLY_ACTIVE_ARCH = YES;
				SDKROOT = iphoneos;
				SWIFT_ACTIVE_COMPILATION_CONDITIONS = DEBUG;
				SWIFT_OPTIMIZATION_LEVEL = "-Onone";
			};
			name = Debug;
		};
		7F09BC762A238D9E00AA34B1 /* Release */ = {
			isa = XCBuildConfiguration;
			buildSettings = {
				ALWAYS_SEARCH_USER_PATHS = NO;
				CLANG_ANALYZER_NONNULL = YES;
				CLANG_ANALYZER_NUMBER_OBJECT_CONVERSION = YES_AGGRESSIVE;
				CLANG_CXX_LANGUAGE_STANDARD = "gnu++20";
				CLANG_ENABLE_MODULES = YES;
				CLANG_ENABLE_OBJC_ARC = YES;
				CLANG_ENABLE_OBJC_WEAK = YES;
				CLANG_WARN_BLOCK_CAPTURE_AUTORELEASING = YES;
				CLANG_WARN_BOOL_CONVERSION = YES;
				CLANG_WARN_COMMA = YES;
				CLANG_WARN_CONSTANT_CONVERSION = YES;
				CLANG_WARN_DEPRECATED_OBJC_IMPLEMENTATIONS = YES;
				CLANG_WARN_DIRECT_OBJC_ISA_USAGE = YES_ERROR;
				CLANG_WARN_DOCUMENTATION_COMMENTS = YES;
				CLANG_WARN_EMPTY_BODY = YES;
				CLANG_WARN_ENUM_CONVERSION = YES;
				CLANG_WARN_INFINITE_RECURSION = YES;
				CLANG_WARN_INT_CONVERSION = YES;
				CLANG_WARN_NON_LITERAL_NULL_CONVERSION = YES;
				CLANG_WARN_OBJC_IMPLICIT_RETAIN_SELF = YES;
				CLANG_WARN_OBJC_LITERAL_CONVERSION = YES;
				CLANG_WARN_OBJC_ROOT_CLASS = YES_ERROR;
				CLANG_WARN_QUOTED_INCLUDE_IN_FRAMEWORK_HEADER = YES;
				CLANG_WARN_RANGE_LOOP_ANALYSIS = YES;
				CLANG_WARN_STRICT_PROTOTYPES = YES;
				CLANG_WARN_SUSPICIOUS_MOVE = YES;
				CLANG_WARN_UNGUARDED_AVAILABILITY = YES_AGGRESSIVE;
				CLANG_WARN_UNREACHABLE_CODE = YES;
				CLANG_WARN__DUPLICATE_METHOD_MATCH = YES;
				COPY_PHASE_STRIP = NO;
				DEBUG_INFORMATION_FORMAT = "dwarf-with-dsym";
				ENABLE_NS_ASSERTIONS = NO;
				ENABLE_STRICT_OBJC_MSGSEND = YES;
				GCC_C_LANGUAGE_STANDARD = gnu11;
				GCC_NO_COMMON_BLOCKS = YES;
				GCC_WARN_64_TO_32_BIT_CONVERSION = YES;
				GCC_WARN_ABOUT_RETURN_TYPE = YES_ERROR;
				GCC_WARN_UNDECLARED_SELECTOR = YES;
				GCC_WARN_UNINITIALIZED_AUTOS = YES_AGGRESSIVE;
				GCC_WARN_UNUSED_FUNCTION = YES;
				GCC_WARN_UNUSED_VARIABLE = YES;
				IPHONEOS_DEPLOYMENT_TARGET = 16.4;
				MTL_ENABLE_DEBUG_INFO = NO;
				MTL_FAST_MATH = YES;
				SDKROOT = iphoneos;
				SWIFT_COMPILATION_MODE = wholemodule;
				SWIFT_OPTIMIZATION_LEVEL = "-O";
				VALIDATE_PRODUCT = YES;
			};
			name = Release;
		};
		7F09BC782A238D9E00AA34B1 /* Debug */ = {
			isa = XCBuildConfiguration;
			buildSettings = {
				ASSETCATALOG_COMPILER_APPICON_NAME = AppIcon;
				ASSETCATALOG_COMPILER_GLOBAL_ACCENT_COLOR_NAME = AccentColor;
				CODE_SIGN_STYLE = Automatic;
				CURRENT_PROJECT_VERSION = 1;
				DEVELOPMENT_TEAM = MD6K9VKGDK;
				GENERATE_INFOPLIST_FILE = YES;
				INFOPLIST_FILE = GNT/Info.plist;
				INFOPLIST_KEY_UIApplicationSupportsIndirectInputEvents = YES;
				INFOPLIST_KEY_UILaunchStoryboardName = LaunchScreen;
				INFOPLIST_KEY_UIMainStoryboardFile = Main;
				INFOPLIST_KEY_UISupportedInterfaceOrientations_iPad = "UIInterfaceOrientationPortrait UIInterfaceOrientationPortraitUpsideDown UIInterfaceOrientationLandscapeLeft UIInterfaceOrientationLandscapeRight";
				INFOPLIST_KEY_UISupportedInterfaceOrientations_iPhone = "UIInterfaceOrientationPortrait UIInterfaceOrientationLandscapeLeft UIInterfaceOrientationLandscapeRight";
				LD_RUNPATH_SEARCH_PATHS = (
					"$(inherited)",
					"@executable_path/Frameworks",
				);
				MARKETING_VERSION = 1.0;
				PRODUCT_BUNDLE_IDENTIFIER = shaneen.dhahd.GNT;
				PRODUCT_NAME = "$(TARGET_NAME)";
				SUPPORTED_PLATFORMS = "iphoneos iphonesimulator";
				SUPPORTS_MACCATALYST = NO;
				SUPPORTS_MAC_DESIGNED_FOR_IPHONE_IPAD = NO;
				SWIFT_EMIT_LOC_STRINGS = YES;
				SWIFT_VERSION = 5.0;
				TARGETED_DEVICE_FAMILY = "1,2";
			};
			name = Debug;
		};
		7F09BC792A238D9E00AA34B1 /* Release */ = {
			isa = XCBuildConfiguration;
			buildSettings = {
				ASSETCATALOG_COMPILER_APPICON_NAME = AppIcon;
				ASSETCATALOG_COMPILER_GLOBAL_ACCENT_COLOR_NAME = AccentColor;
				CODE_SIGN_STYLE = Automatic;
				CURRENT_PROJECT_VERSION = 1;
				DEVELOPMENT_TEAM = MD6K9VKGDK;
				GENERATE_INFOPLIST_FILE = YES;
				INFOPLIST_FILE = GNT/Info.plist;
				INFOPLIST_KEY_UIApplicationSupportsIndirectInputEvents = YES;
				INFOPLIST_KEY_UILaunchStoryboardName = LaunchScreen;
				INFOPLIST_KEY_UIMainStoryboardFile = Main;
				INFOPLIST_KEY_UISupportedInterfaceOrientations_iPad = "UIInterfaceOrientationPortrait UIInterfaceOrientationPortraitUpsideDown UIInterfaceOrientationLandscapeLeft UIInterfaceOrientationLandscapeRight";
				INFOPLIST_KEY_UISupportedInterfaceOrientations_iPhone = "UIInterfaceOrientationPortrait UIInterfaceOrientationLandscapeLeft UIInterfaceOrientationLandscapeRight";
				LD_RUNPATH_SEARCH_PATHS = (
					"$(inherited)",
					"@executable_path/Frameworks",
				);
				MARKETING_VERSION = 1.0;
				PRODUCT_BUNDLE_IDENTIFIER = shaneen.dhahd.GNT;
				PRODUCT_NAME = "$(TARGET_NAME)";
				SUPPORTED_PLATFORMS = "iphoneos iphonesimulator";
				SUPPORTS_MACCATALYST = NO;
				SUPPORTS_MAC_DESIGNED_FOR_IPHONE_IPAD = NO;
				SWIFT_EMIT_LOC_STRINGS = YES;
				SWIFT_VERSION = 5.0;
				TARGETED_DEVICE_FAMILY = "1,2";
			};
			name = Release;
		};
		7F09BC7B2A238D9E00AA34B1 /* Debug */ = {
			isa = XCBuildConfiguration;
			buildSettings = {
				ALWAYS_EMBED_SWIFT_STANDARD_LIBRARIES = YES;
				BUNDLE_LOADER = "$(TEST_HOST)";
				CODE_SIGN_STYLE = Automatic;
				CURRENT_PROJECT_VERSION = 1;
				DEVELOPMENT_TEAM = MD6K9VKGDK;
				GENERATE_INFOPLIST_FILE = YES;
				IPHONEOS_DEPLOYMENT_TARGET = 16.4;
				MARKETING_VERSION = 1.0;
				PRODUCT_BUNDLE_IDENTIFIER = shaneen.dhahd.GNTTests;
				PRODUCT_NAME = "$(TARGET_NAME)";
				SWIFT_EMIT_LOC_STRINGS = NO;
				SWIFT_VERSION = 5.0;
				TARGETED_DEVICE_FAMILY = "1,2";
				TEST_HOST = "$(BUILT_PRODUCTS_DIR)/GNT.app/$(BUNDLE_EXECUTABLE_FOLDER_PATH)/GNT";
			};
			name = Debug;
		};
		7F09BC7C2A238D9E00AA34B1 /* Release */ = {
			isa = XCBuildConfiguration;
			buildSettings = {
				ALWAYS_EMBED_SWIFT_STANDARD_LIBRARIES = YES;
				BUNDLE_LOADER = "$(TEST_HOST)";
				CODE_SIGN_STYLE = Automatic;
				CURRENT_PROJECT_VERSION = 1;
				DEVELOPMENT_TEAM = MD6K9VKGDK;
				GENERATE_INFOPLIST_FILE = YES;
				IPHONEOS_DEPLOYMENT_TARGET = 16.4;
				MARKETING_VERSION = 1.0;
				PRODUCT_BUNDLE_IDENTIFIER = shaneen.dhahd.GNTTests;
				PRODUCT_NAME = "$(TARGET_NAME)";
				SWIFT_EMIT_LOC_STRINGS = NO;
				SWIFT_VERSION = 5.0;
				TARGETED_DEVICE_FAMILY = "1,2";
				TEST_HOST = "$(BUILT_PRODUCTS_DIR)/GNT.app/$(BUNDLE_EXECUTABLE_FOLDER_PATH)/GNT";
			};
			name = Release;
		};
		7F09BC7E2A238D9E00AA34B1 /* Debug */ = {
			isa = XCBuildConfiguration;
			buildSettings = {
				ALWAYS_EMBED_SWIFT_STANDARD_LIBRARIES = YES;
				CODE_SIGN_STYLE = Automatic;
				CURRENT_PROJECT_VERSION = 1;
				DEVELOPMENT_TEAM = MD6K9VKGDK;
				GENERATE_INFOPLIST_FILE = YES;
				MARKETING_VERSION = 1.0;
				PRODUCT_BUNDLE_IDENTIFIER = shaneen.dhahd.GNTUITests;
				PRODUCT_NAME = "$(TARGET_NAME)";
				SWIFT_EMIT_LOC_STRINGS = NO;
				SWIFT_VERSION = 5.0;
				TARGETED_DEVICE_FAMILY = "1,2";
				TEST_TARGET_NAME = GNT;
			};
			name = Debug;
		};
		7F09BC7F2A238D9E00AA34B1 /* Release */ = {
			isa = XCBuildConfiguration;
			buildSettings = {
				ALWAYS_EMBED_SWIFT_STANDARD_LIBRARIES = YES;
				CODE_SIGN_STYLE = Automatic;
				CURRENT_PROJECT_VERSION = 1;
				DEVELOPMENT_TEAM = MD6K9VKGDK;
				GENERATE_INFOPLIST_FILE = YES;
				MARKETING_VERSION = 1.0;
				PRODUCT_BUNDLE_IDENTIFIER = shaneen.dhahd.GNTUITests;
				PRODUCT_NAME = "$(TARGET_NAME)";
				SWIFT_EMIT_LOC_STRINGS = NO;
				SWIFT_VERSION = 5.0;
				TARGETED_DEVICE_FAMILY = "1,2";
				TEST_TARGET_NAME = GNT;
			};
			name = Release;
		};
/* End XCBuildConfiguration section */

/* Begin XCConfigurationList section */
		7F09BC482A238D9D00AA34B1 /* Build configuration list for PBXProject "GNT" */ = {
			isa = XCConfigurationList;
			buildConfigurations = (
				7F09BC752A238D9E00AA34B1 /* Debug */,
				7F09BC762A238D9E00AA34B1 /* Release */,
			);
			defaultConfigurationIsVisible = 0;
			defaultConfigurationName = Release;
		};
		7F09BC772A238D9E00AA34B1 /* Build configuration list for PBXNativeTarget "GNT" */ = {
			isa = XCConfigurationList;
			buildConfigurations = (
				7F09BC782A238D9E00AA34B1 /* Debug */,
				7F09BC792A238D9E00AA34B1 /* Release */,
			);
			defaultConfigurationIsVisible = 0;
			defaultConfigurationName = Release;
		};
		7F09BC7A2A238D9E00AA34B1 /* Build configuration list for PBXNativeTarget "GNTTests" */ = {
			isa = XCConfigurationList;
			buildConfigurations = (
				7F09BC7B2A238D9E00AA34B1 /* Debug */,
				7F09BC7C2A238D9E00AA34B1 /* Release */,
			);
			defaultConfigurationIsVisible = 0;
			defaultConfigurationName = Release;
		};
		7F09BC7D2A238D9E00AA34B1 /* Build configuration list for PBXNativeTarget "GNTUITests" */ = {
			isa = XCConfigurationList;
			buildConfigurations = (
				7F09BC7E2A238D9E00AA34B1 /* Debug */,
				7F09BC7F2A238D9E00AA34B1 /* Release */,
			);
			defaultConfigurationIsVisible = 0;
			defaultConfigurationName = Release;
		};
/* End XCConfigurationList section */
	};
	rootObject = 7F09BC452A238D9D00AA34B1 /* Project object */;
}
